// !$*UTF8*$!
{
	archiveVersion = 1;
	classes = {
	};
	objectVersion = 46;
	objects = {

/* Begin PBXFileReference section */
		6FCE185E1C78DDD800E26776 /* index.html */ = {isa = PBXFileReference; lastKnownFileType = text.html; path = index.html; sourceTree = "<group>"; };
/* End PBXFileReference section */

/* Begin PBXGroup section */
		6FCE18571C78DDAB00E26776 = {
			isa = PBXGroup;
			children = (
				6FCE185E1C78DDD800E26776 /* index.html */,
			);
			sourceTree = "<group>";
		};
/* End PBXGroup section */

/* Begin PBXProject section */
		6FCE18581C78DDAB00E26776 /* Project object */ = {
			isa = PBXProject;
			attributes = {
				LastUpgradeCheck = 0720;
			};
			buildConfigurationList = 6FCE185B1C78DDAB00E26776 /* Build configuration list for PBXProject "random-nonsense" */;
			compatibilityVersion = "Xcode 3.2";
			developmentRegion = English;
			hasScannedForEncodings = 0;
			knownRegions = (
				en,
			);
			mainGroup = 6FCE18571C78DDAB00E26776;
			projectDirPath = "";
			projectRoot = "";
			targets = (
			);
		};
/* End PBXProject section */

/* Begin XCBuildConfiguration section */
		6FCE185C1C78DDAB00E26776 /* Debug */ = {
			isa = XCBuildConfiguration;
			buildSettings = {
			};
			name = Debug;
		};
		6FCE185D1C78DDAB00E26776 /* Release */ = {
			isa = XCBuildConfiguration;
			buildSettings = {
			};
			name = Release;
		};
/* End XCBuildConfiguration section */

/* Begin XCConfigurationList section */
		6FCE185B1C78DDAB00E26776 /* Build configuration list for PBXProject "random-nonsense" */ = {
			isa = XCConfigurationList;
			buildConfigurations = (
				6FCE185C1C78DDAB00E26776 /* Debug */,
				6FCE185D1C78DDAB00E26776 /* Release */,
			);
			defaultConfigurationIsVisible = 0;
			defaultConfigurationName = Release;
		};
/* End XCConfigurationList section */
	};
	rootObject = 6FCE18581C78DDAB00E26776 /* Project object */;
}
